
Microsoft Visual Studio Solution File, Format Version 12.00
# Visual Studio Version 17
VisualStudioVersion = 17.4.33205.214
MinimumVisualStudioVersion = 10.0.40219.1
Project("{2150E333-8FDC-42A3-9474-1A3956D46DE8}") = "API", "API", "{9A8561D6-DE53-4299-94AE-83E42C371246}"
EndProject
Project("{2150E333-8FDC-42A3-9474-1A3956D46DE8}") = "Model", "Model", "{B0AA5994-1C93-4EDC-AC86-2279A59CDFB5}"
EndProject
Project("{9A19103F-16F7-4668-BE54-9A1E7A4F7556}") = "Challenge.Entities", "Challenge.Entities\Challenge.Entities.csproj", "{E1DC5FBB-5B3D-4275-BB3B-B80325D0746B}"
EndProject
Project("{9A19103F-16F7-4668-BE54-9A1E7A4F7556}") = "Challenge.API", "Challenge.API\Challenge.API.csproj", "{35E15C6B-AEF8-4D9C-B2A8-E2065A138985}"
EndProject
Project("{2150E333-8FDC-42A3-9474-1A3956D46DE8}") = "Categories", "Categories", "{3FBB1DEB-B6A3-467D-8A2B-F798091C3FDC}"
EndProject
Project("{2150E333-8FDC-42A3-9474-1A3956D46DE8}") = "Categories.Infrastructure", "Categories.Infrastructure", "{7F26D2E6-C2C0-412A-9AFA-6A8422E0680F}"
EndProject
Project("{9A19103F-16F7-4668-BE54-9A1E7A4F7556}") = "Categories.Infrastructure.Repositories", "Categories.Infrastructure.Repositories\Categories.Infrastructure.Repositories.csproj", "{B436B73F-7593-44D6-8998-CD59BD698B3F}"
EndProject
Project("{2150E333-8FDC-42A3-9474-1A3956D46DE8}") = "Categories.Service", "Categories.Service", "{FA9F6CF6-14C9-4926-A57A-6907BF3B3523}"
EndProject
Project("{2150E333-8FDC-42A3-9474-1A3956D46DE8}") = "Categories.Dto", "Categories.Dto", "{F1A8D211-6208-46B6-801E-1F5501BA9743}"
EndProject
Project("{2150E333-8FDC-42A3-9474-1A3956D46DE8}") = "Categories.lnterface", "Categories.lnterface", "{B17CEF18-108E-4EA0-9447-4AF22717F909}"
EndProject
Project("{9A19103F-16F7-4668-BE54-9A1E7A4F7556}") = "Categories.Services", "Categories.Services\Categories.Services.csproj", "{E11DF77A-299E-4AEF-A830-299D6492169B}"
EndProject
Project("{9A19103F-16F7-4668-BE54-9A1E7A4F7556}") = "Categories.lnterfaces", "Categories.lnterfaces\Categories.lnterfaces.csproj", "{FBA38D58-2996-4556-9F8A-DE62A2D2E32D}"
EndProject
Project("{2150E333-8FDC-42A3-9474-1A3956D46DE8}") = "Exception", "Exception", "{F293EE53-65D0-4A0A-A149-2F30AE0A7DA1}"
EndProject
Project("{9A19103F-16F7-4668-BE54-9A1E7A4F7556}") = "ExceptionCategories", "ExceptionCategories\ExceptionCategories.csproj", "{D2BFB293-9630-499F-A49A-EB10304CCB9F}"
EndProject
Project("{9A19103F-16F7-4668-BE54-9A1E7A4F7556}") = "Categories.Dtos", "Categories.Dtos\Categories.Dtos.csproj", "{E623E1FB-7D7E-4CA1-A2EB-A2C54F020084}"
EndProject
Project("{2150E333-8FDC-42A3-9474-1A3956D46DE8}") = "Image", "Image", "{DC4E502E-4BDF-46ED-9AFC-E429A4CB3281}"
EndProject
Project("{2150E333-8FDC-42A3-9474-1A3956D46DE8}") = "Image.Dto", "Image.Dto", "{849C4CC4-EDCE-4E6D-A98C-90EDE8493E16}"
EndProject
Project("{2150E333-8FDC-42A3-9474-1A3956D46DE8}") = "Image.Infrastructure", "Image.Infrastructure", "{9DB7A93A-4246-4968-BC20-6CB701167D01}"
EndProject
Project("{2150E333-8FDC-42A3-9474-1A3956D46DE8}") = "Image.lnterface", "Image.lnterface", "{045EFB42-BCDE-4965-931E-3B21D6783B44}"
EndProject
Project("{2150E333-8FDC-42A3-9474-1A3956D46DE8}") = "Image.Service", "Image.Service", "{799FF595-B444-43CE-8606-A3C403FC3EDC}"
EndProject
Project("{2150E333-8FDC-42A3-9474-1A3956D46DE8}") = "Image.Exception", "Image.Exception", "{7BC65AB0-12AA-4AFE-9A7D-D5CE30210777}"
EndProject
Project("{9A19103F-16F7-4668-BE54-9A1E7A4F7556}") = "Image.Infrastructure.Repositories", "Image.Infrastructure.Repositories\Image.Infrastructure.Repositories.csproj", "{DD7490AF-64B4-4E36-BD19-F035C65488EE}"
EndProject
Project("{9A19103F-16F7-4668-BE54-9A1E7A4F7556}") = "Image.lnterfaces", "Image.lnterfaces\Image.lnterfaces.csproj", "{9E3FA118-22C0-4DB6-BF88-5ED0D03B6832}"
EndProject
Project("{9A19103F-16F7-4668-BE54-9A1E7A4F7556}") = "Image.Dtos", "Image.Dtos\Image.Dtos.csproj", "{37240608-074C-4E3A-931B-16657A41F0CC}"
EndProject
Project("{9A19103F-16F7-4668-BE54-9A1E7A4F7556}") = "ExceptionImages", "ExceptionImages\ExceptionImages.csproj", "{200400BC-5E5D-4048-AB28-A82AAC3AB09A}"
EndProject
Project("{9A19103F-16F7-4668-BE54-9A1E7A4F7556}") = "Image.Services", "Image.Services\Image.Services.csproj", "{DCB603D3-27BB-4416-A68C-6ECEB0A027A7}"
EndProject
Project("{2150E333-8FDC-42A3-9474-1A3956D46DE8}") = "Content", "Content", "{5599374D-1C33-421F-87C5-CC918FDFFC27}"
EndProject
Project("{2150E333-8FDC-42A3-9474-1A3956D46DE8}") = "Content.Dto", "Content.Dto", "{F00E8A60-25AD-43F6-83BC-147BB2E9AB2C}"
EndProject
Project("{2150E333-8FDC-42A3-9474-1A3956D46DE8}") = "Content.Infrastruture", "Content.Infrastruture", "{9DA7CAA2-BF1A-46C5-8DBB-9A1D4886EAAF}"
EndProject
Project("{2150E333-8FDC-42A3-9474-1A3956D46DE8}") = "content.interface", "content.interface", "{822B0E9E-5215-497D-ACDD-F5DC9AC085CA}"
EndProject
Project("{2150E333-8FDC-42A3-9474-1A3956D46DE8}") = "content.Service", "content.Service", "{0A21C22E-DF0E-42F7-9627-FC1032AFF413}"
EndProject
Project("{FAE04EC0-301F-11D3-BF4B-00C04F79EFBC}") = "Contents.Services", "Contents.Services\Contents.Services.csproj", "{446CBC05-3263-4F4F-8E93-CBDC34C35F53}"
EndProject
Project("{FAE04EC0-301F-11D3-BF4B-00C04F79EFBC}") = "Contents.Infrastructure.Repositories", "Contents.Infrastructure.Repositories\Contents.Infrastructure.Repositories.csproj", "{61EDEA69-74A5-4DB9-B57B-E8808A6DC3B9}"
EndProject
Global
	GlobalSection(SolutionConfigurationPlatforms) = preSolution
		Debug|Any CPU = Debug|Any CPU
		Release|Any CPU = Release|Any CPU
	EndGlobalSection
	GlobalSection(ProjectConfigurationPlatforms) = postSolution
		{E1DC5FBB-5B3D-4275-BB3B-B80325D0746B}.Debug|Any CPU.ActiveCfg = Debug|Any CPU
		{E1DC5FBB-5B3D-4275-BB3B-B80325D0746B}.Debug|Any CPU.Build.0 = Debug|Any CPU
		{E1DC5FBB-5B3D-4275-BB3B-B80325D0746B}.Release|Any CPU.ActiveCfg = Release|Any CPU
		{E1DC5FBB-5B3D-4275-BB3B-B80325D0746B}.Release|Any CPU.Build.0 = Release|Any CPU
		{35E15C6B-AEF8-4D9C-B2A8-E2065A138985}.Debug|Any CPU.ActiveCfg = Debug|Any CPU
		{35E15C6B-AEF8-4D9C-B2A8-E2065A138985}.Debug|Any CPU.Build.0 = Debug|Any CPU
		{35E15C6B-AEF8-4D9C-B2A8-E2065A138985}.Release|Any CPU.ActiveCfg = Release|Any CPU
		{35E15C6B-AEF8-4D9C-B2A8-E2065A138985}.Release|Any CPU.Build.0 = Release|Any CPU
		{B436B73F-7593-44D6-8998-CD59BD698B3F}.Debug|Any CPU.ActiveCfg = Debug|Any CPU
		{B436B73F-7593-44D6-8998-CD59BD698B3F}.Debug|Any CPU.Build.0 = Debug|Any CPU
		{B436B73F-7593-44D6-8998-CD59BD698B3F}.Release|Any CPU.ActiveCfg = Release|Any CPU
		{B436B73F-7593-44D6-8998-CD59BD698B3F}.Release|Any CPU.Build.0 = Release|Any CPU
		{E11DF77A-299E-4AEF-A830-299D6492169B}.Debug|Any CPU.ActiveCfg = Debug|Any CPU
		{E11DF77A-299E-4AEF-A830-299D6492169B}.Debug|Any CPU.Build.0 = Debug|Any CPU
		{E11DF77A-299E-4AEF-A830-299D6492169B}.Release|Any CPU.ActiveCfg = Release|Any CPU
		{E11DF77A-299E-4AEF-A830-299D6492169B}.Release|Any CPU.Build.0 = Release|Any CPU
		{FBA38D58-2996-4556-9F8A-DE62A2D2E32D}.Debug|Any CPU.ActiveCfg = Debug|Any CPU
		{FBA38D58-2996-4556-9F8A-DE62A2D2E32D}.Debug|Any CPU.Build.0 = Debug|Any CPU
		{FBA38D58-2996-4556-9F8A-DE62A2D2E32D}.Release|Any CPU.ActiveCfg = Release|Any CPU
		{FBA38D58-2996-4556-9F8A-DE62A2D2E32D}.Release|Any CPU.Build.0 = Release|Any CPU
		{D2BFB293-9630-499F-A49A-EB10304CCB9F}.Debug|Any CPU.ActiveCfg = Debug|Any CPU
		{D2BFB293-9630-499F-A49A-EB10304CCB9F}.Debug|Any CPU.Build.0 = Debug|Any CPU
		{D2BFB293-9630-499F-A49A-EB10304CCB9F}.Release|Any CPU.ActiveCfg = Release|Any CPU
		{D2BFB293-9630-499F-A49A-EB10304CCB9F}.Release|Any CPU.Build.0 = Release|Any CPU
		{E623E1FB-7D7E-4CA1-A2EB-A2C54F020084}.Debug|Any CPU.ActiveCfg = Debug|Any CPU
		{E623E1FB-7D7E-4CA1-A2EB-A2C54F020084}.Debug|Any CPU.Build.0 = Debug|Any CPU
		{E623E1FB-7D7E-4CA1-A2EB-A2C54F020084}.Release|Any CPU.ActiveCfg = Release|Any CPU
		{E623E1FB-7D7E-4CA1-A2EB-A2C54F020084}.Release|Any CPU.Build.0 = Release|Any CPU
		{DD7490AF-64B4-4E36-BD19-F035C65488EE}.Debug|Any CPU.ActiveCfg = Debug|Any CPU
		{DD7490AF-64B4-4E36-BD19-F035C65488EE}.Debug|Any CPU.Build.0 = Debug|Any CPU
		{DD7490AF-64B4-4E36-BD19-F035C65488EE}.Release|Any CPU.ActiveCfg = Release|Any CPU
		{DD7490AF-64B4-4E36-BD19-F035C65488EE}.Release|Any CPU.Build.0 = Release|Any CPU
		{9E3FA118-22C0-4DB6-BF88-5ED0D03B6832}.Debug|Any CPU.ActiveCfg = Debug|Any CPU
		{9E3FA118-22C0-4DB6-BF88-5ED0D03B6832}.Debug|Any CPU.Build.0 = Debug|Any CPU
		{9E3FA118-22C0-4DB6-BF88-5ED0D03B6832}.Release|Any CPU.ActiveCfg = Release|Any CPU
		{9E3FA118-22C0-4DB6-BF88-5ED0D03B6832}.Release|Any CPU.Build.0 = Release|Any CPU
		{37240608-074C-4E3A-931B-16657A41F0CC}.Debug|Any CPU.ActiveCfg = Debug|Any CPU
		{37240608-074C-4E3A-931B-16657A41F0CC}.Debug|Any CPU.Build.0 = Debug|Any CPU
		{37240608-074C-4E3A-931B-16657A41F0CC}.Release|Any CPU.ActiveCfg = Release|Any CPU
		{37240608-074C-4E3A-931B-16657A41F0CC}.Release|Any CPU.Build.0 = Release|Any CPU
		{200400BC-5E5D-4048-AB28-A82AAC3AB09A}.Debug|Any CPU.ActiveCfg = Debug|Any CPU
		{200400BC-5E5D-4048-AB28-A82AAC3AB09A}.Debug|Any CPU.Build.0 = Debug|Any CPU
		{200400BC-5E5D-4048-AB28-A82AAC3AB09A}.Release|Any CPU.ActiveCfg = Release|Any CPU
		{200400BC-5E5D-4048-AB28-A82AAC3AB09A}.Release|Any CPU.Build.0 = Release|Any CPU
		{DCB603D3-27BB-4416-A68C-6ECEB0A027A7}.Debug|Any CPU.ActiveCfg = Debug|Any CPU
		{DCB603D3-27BB-4416-A68C-6ECEB0A027A7}.Debug|Any CPU.Build.0 = Debug|Any CPU
		{DCB603D3-27BB-4416-A68C-6ECEB0A027A7}.Release|Any CPU.ActiveCfg = Release|Any CPU
		{DCB603D3-27BB-4416-A68C-6ECEB0A027A7}.Release|Any CPU.Build.0 = Release|Any CPU
		{446CBC05-3263-4F4F-8E93-CBDC34C35F53}.Debug|Any CPU.ActiveCfg = Debug|Any CPU
		{446CBC05-3263-4F4F-8E93-CBDC34C35F53}.Debug|Any CPU.Build.0 = Debug|Any CPU
		{446CBC05-3263-4F4F-8E93-CBDC34C35F53}.Release|Any CPU.ActiveCfg = Release|Any CPU
		{446CBC05-3263-4F4F-8E93-CBDC34C35F53}.Release|Any CPU.Build.0 = Release|Any CPU
		{61EDEA69-74A5-4DB9-B57B-E8808A6DC3B9}.Debug|Any CPU.ActiveCfg = Debug|Any CPU
		{61EDEA69-74A5-4DB9-B57B-E8808A6DC3B9}.Debug|Any CPU.Build.0 = Debug|Any CPU
		{61EDEA69-74A5-4DB9-B57B-E8808A6DC3B9}.Release|Any CPU.ActiveCfg = Release|Any CPU
		{61EDEA69-74A5-4DB9-B57B-E8808A6DC3B9}.Release|Any CPU.Build.0 = Release|Any CPU
	EndGlobalSection
	GlobalSection(SolutionProperties) = preSolution
		HideSolutionNode = FALSE
	EndGlobalSection
	GlobalSection(NestedProjects) = preSolution
		{E1DC5FBB-5B3D-4275-BB3B-B80325D0746B} = {B0AA5994-1C93-4EDC-AC86-2279A59CDFB5}
		{35E15C6B-AEF8-4D9C-B2A8-E2065A138985} = {9A8561D6-DE53-4299-94AE-83E42C371246}
		{7F26D2E6-C2C0-412A-9AFA-6A8422E0680F} = {3FBB1DEB-B6A3-467D-8A2B-F798091C3FDC}
		{B436B73F-7593-44D6-8998-CD59BD698B3F} = {7F26D2E6-C2C0-412A-9AFA-6A8422E0680F}
		{FA9F6CF6-14C9-4926-A57A-6907BF3B3523} = {3FBB1DEB-B6A3-467D-8A2B-F798091C3FDC}
		{F1A8D211-6208-46B6-801E-1F5501BA9743} = {3FBB1DEB-B6A3-467D-8A2B-F798091C3FDC}
		{B17CEF18-108E-4EA0-9447-4AF22717F909} = {3FBB1DEB-B6A3-467D-8A2B-F798091C3FDC}
		{E11DF77A-299E-4AEF-A830-299D6492169B} = {FA9F6CF6-14C9-4926-A57A-6907BF3B3523}
		{FBA38D58-2996-4556-9F8A-DE62A2D2E32D} = {B17CEF18-108E-4EA0-9447-4AF22717F909}
		{F293EE53-65D0-4A0A-A149-2F30AE0A7DA1} = {3FBB1DEB-B6A3-467D-8A2B-F798091C3FDC}
		{D2BFB293-9630-499F-A49A-EB10304CCB9F} = {F293EE53-65D0-4A0A-A149-2F30AE0A7DA1}
		{E623E1FB-7D7E-4CA1-A2EB-A2C54F020084} = {F1A8D211-6208-46B6-801E-1F5501BA9743}
		{849C4CC4-EDCE-4E6D-A98C-90EDE8493E16} = {DC4E502E-4BDF-46ED-9AFC-E429A4CB3281}
		{9DB7A93A-4246-4968-BC20-6CB701167D01} = {DC4E502E-4BDF-46ED-9AFC-E429A4CB3281}
		{045EFB42-BCDE-4965-931E-3B21D6783B44} = {DC4E502E-4BDF-46ED-9AFC-E429A4CB3281}
		{799FF595-B444-43CE-8606-A3C403FC3EDC} = {DC4E502E-4BDF-46ED-9AFC-E429A4CB3281}
		{7BC65AB0-12AA-4AFE-9A7D-D5CE30210777} = {DC4E502E-4BDF-46ED-9AFC-E429A4CB3281}
		{DD7490AF-64B4-4E36-BD19-F035C65488EE} = {9DB7A93A-4246-4968-BC20-6CB701167D01}
		{9E3FA118-22C0-4DB6-BF88-5ED0D03B6832} = {045EFB42-BCDE-4965-931E-3B21D6783B44}
		{37240608-074C-4E3A-931B-16657A41F0CC} = {849C4CC4-EDCE-4E6D-A98C-90EDE8493E16}
		{200400BC-5E5D-4048-AB28-A82AAC3AB09A} = {7BC65AB0-12AA-4AFE-9A7D-D5CE30210777}
		{DCB603D3-27BB-4416-A68C-6ECEB0A027A7} = {799FF595-B444-43CE-8606-A3C403FC3EDC}
		{F00E8A60-25AD-43F6-83BC-147BB2E9AB2C} = {5599374D-1C33-421F-87C5-CC918FDFFC27}
		{9DA7CAA2-BF1A-46C5-8DBB-9A1D4886EAAF} = {5599374D-1C33-421F-87C5-CC918FDFFC27}
		{822B0E9E-5215-497D-ACDD-F5DC9AC085CA} = {5599374D-1C33-421F-87C5-CC918FDFFC27}
		{0A21C22E-DF0E-42F7-9627-FC1032AFF413} = {5599374D-1C33-421F-87C5-CC918FDFFC27}
		{446CBC05-3263-4F4F-8E93-CBDC34C35F53} = {0A21C22E-DF0E-42F7-9627-FC1032AFF413}
		{61EDEA69-74A5-4DB9-B57B-E8808A6DC3B9} = {9DA7CAA2-BF1A-46C5-8DBB-9A1D4886EAAF}
	EndGlobalSection
	GlobalSection(ExtensibilityGlobals) = postSolution
		SolutionGuid = {637F44A6-F4E3-432D-B085-5A3F482FC9AC}
	EndGlobalSection
EndGlobal
